
Microsoft Visual Studio Solution File, Format Version 12.00
# Visual Studio Version 16
VisualStudioVersion = 16.0.33214.272
MinimumVisualStudioVersion = 10.0.40219.1
Project("{FAE04EC0-301F-11D3-BF4B-00C04F79EFBC}") = "SystemDataShare", "SystemDataShare\SystemDataShare.csproj", "{6A4F6160-9A39-4352-A061-6CA52230232E}"
EndProject
Global
	GlobalSection(SolutionConfigurationPlatforms) = preSolution
		Debug|Any CPU = Debug|Any CPU
		Release|Any CPU = Release|Any CPU
	EndGlobalSection
	GlobalSection(ProjectConfigurationPlatforms) = postSolution
		{6A4F6160-9A39-4352-A061-6CA52230232E}.Debug|Any CPU.ActiveCfg = Debug|Any CPU
		{6A4F6160-9A39-4352-A061-6CA52230232E}.Debug|Any CPU.Build.0 = Debug|Any CPU
		{6A4F6160-9A39-4352-A061-6CA52230232E}.Release|Any CPU.ActiveCfg = Release|Any CPU
		{6A4F6160-9A39-4352-A061-6CA52230232E}.Release|Any CPU.Build.0 = Release|Any CPU
	EndGlobalSection
	GlobalSection(SolutionProperties) = preSolution
		HideSolutionNode = FALSE
	EndGlobalSection
	GlobalSection(ExtensibilityGlobals) = postSolution
		SolutionGuid = {377EF358-B281-4DB6-A102-211F09E60EEB}
	EndGlobalSection
EndGlobal
